
Microsoft Visual Studio Solution File, Format Version 12.00
# Visual Studio Version 17
VisualStudioVersion = 17.10.35027.167
MinimumVisualStudioVersion = 10.0.40219.1
Project("{778DAE3C-4631-46EA-AA77-85C1314464D9}") = "Quantum", "Quantum.vbproj", "{A6D98B7D-1E09-4F15-BCCD-C790378979C3}"
EndProject
Project("{9A19103F-16F7-4668-BE54-9A1E7A4F7556}") = "QBittorrent.Client", "..\qbittorrent-net-client\src\QBittorrent.Client\QBittorrent.Client.csproj", "{A51683A2-02DC-4374-B05E-0B1BEFF72E82}"
EndProject
Global
	GlobalSection(SolutionConfigurationPlatforms) = preSolution
		Debug|Any CPU = Debug|Any CPU
		Release|Any CPU = Release|Any CPU
	EndGlobalSection
	GlobalSection(ProjectConfigurationPlatforms) = postSolution
		{A6D98B7D-1E09-4F15-BCCD-C790378979C3}.Debug|Any CPU.ActiveCfg = Debug|Any CPU
		{A6D98B7D-1E09-4F15-BCCD-C790378979C3}.Debug|Any CPU.Build.0 = Debug|Any CPU
		{A6D98B7D-1E09-4F15-BCCD-C790378979C3}.Release|Any CPU.ActiveCfg = Release|Any CPU
		{A6D98B7D-1E09-4F15-BCCD-C790378979C3}.Release|Any CPU.Build.0 = Release|Any CPU
		{A51683A2-02DC-4374-B05E-0B1BEFF72E82}.Debug|Any CPU.ActiveCfg = Debug|Any CPU
		{A51683A2-02DC-4374-B05E-0B1BEFF72E82}.Debug|Any CPU.Build.0 = Debug|Any CPU
		{A51683A2-02DC-4374-B05E-0B1BEFF72E82}.Release|Any CPU.ActiveCfg = Release|Any CPU
		{A51683A2-02DC-4374-B05E-0B1BEFF72E82}.Release|Any CPU.Build.0 = Release|Any CPU
	EndGlobalSection
	GlobalSection(SolutionProperties) = preSolution
		HideSolutionNode = FALSE
	EndGlobalSection
	GlobalSection(ExtensibilityGlobals) = postSolution
		SolutionGuid = {A4A008DA-851B-4CD6-96FF-F65202D916A8}
	EndGlobalSection
EndGlobal
